
Microsoft Visual Studio Solution File, Format Version 12.00
# Visual Studio Version 17
VisualStudioVersion = 17.14.36518.9 d17.14
MinimumVisualStudioVersion = 10.0.40219.1
Project("{FAE04EC0-301F-11D3-BF4B-00C04F79EFBC}") = "PhotoDateFixer", "PhotoDateFixer\PhotoDateFixer.csproj", "{AB411D5B-24AB-4F98-9C93-E4F267EF4751}"
EndProject
Global
	GlobalSection(SolutionConfigurationPlatforms) = preSolution
		Debug|Any CPU = Debug|Any CPU
		Release|Any CPU = Release|Any CPU
	EndGlobalSection
	GlobalSection(ProjectConfigurationPlatforms) = postSolution
		{AB411D5B-24AB-4F98-9C93-E4F267EF4751}.Debug|Any CPU.ActiveCfg = Debug|Any CPU
		{AB411D5B-24AB-4F98-9C93-E4F267EF4751}.Debug|Any CPU.Build.0 = Debug|Any CPU
		{AB411D5B-24AB-4F98-9C93-E4F267EF4751}.Debug|Any CPU.Deploy.0 = Debug|Any CPU
		{AB411D5B-24AB-4F98-9C93-E4F267EF4751}.Release|Any CPU.ActiveCfg = Release|Any CPU
		{AB411D5B-24AB-4F98-9C93-E4F267EF4751}.Release|Any CPU.Build.0 = Release|Any CPU
		{AB411D5B-24AB-4F98-9C93-E4F267EF4751}.Release|Any CPU.Deploy.0 = Release|Any CPU
	EndGlobalSection
	GlobalSection(SolutionProperties) = preSolution
		HideSolutionNode = FALSE
	EndGlobalSection
	GlobalSection(ExtensibilityGlobals) = postSolution
		SolutionGuid = {0C1C22F7-C864-46D1-A1A1-1CC5C98F46FD}
	EndGlobalSection
EndGlobal
